// !$*UTF8*$!
{
	archiveVersion = 1;
	classes = {
	};
	objectVersion = 46;
	objects = {

/* Begin PBXBuildFile section */
		2FA169861D8D0036009BF609 /* AppDelegate.swift in Sources */ = {isa = PBXBuildFile; fileRef = 2FA169851D8D0036009BF609 /* AppDelegate.swift */; };
		2FA169881D8D0036009BF609 /* ViewController.swift in Sources */ = {isa = PBXBuildFile; fileRef = 2FA169871D8D0036009BF609 /* ViewController.swift */; };
		2FA1698B1D8D0036009BF609 /* Main.storyboard in Resources */ = {isa = PBXBuildFile; fileRef = 2FA169891D8D0036009BF609 /* Main.storyboard */; };
		2FA1698D1D8D0036009BF609 /* Assets.xcassets in Resources */ = {isa = PBXBuildFile; fileRef = 2FA1698C1D8D0036009BF609 /* Assets.xcassets */; };
		2FA169901D8D0036009BF609 /* LaunchScreen.storyboard in Resources */ = {isa = PBXBuildFile; fileRef = 2FA1698E1D8D0036009BF609 /* LaunchScreen.storyboard */; };
		2FA169A31D8D01E5009BF609 /* Mate.framework in Frameworks */ = {isa = PBXBuildFile; fileRef = 2FA169A21D8D01E5009BF609 /* Mate.framework */; };
		2FA169A41D8D01E5009BF609 /* Mate.framework in Embed Frameworks */ = {isa = PBXBuildFile; fileRef = 2FA169A21D8D01E5009BF609 /* Mate.framework */; settings = {ATTRIBUTES = (CodeSignOnCopy, RemoveHeadersOnCopy, ); }; };
		2FA169A61D8D01EB009BF609 /* Cadet.framework in Frameworks */ = {isa = PBXBuildFile; fileRef = 2FA169A51D8D01EB009BF609 /* Cadet.framework */; };
		2FA169A71D8D01EB009BF609 /* Cadet.framework in Embed Frameworks */ = {isa = PBXBuildFile; fileRef = 2FA169A51D8D01EB009BF609 /* Cadet.framework */; settings = {ATTRIBUTES = (CodeSignOnCopy, RemoveHeadersOnCopy, ); }; };
/* End PBXBuildFile section */

/* Begin PBXCopyFilesBuildPhase section */
		2FA1699E1D8D0198009BF609 /* Embed Frameworks */ = {
			isa = PBXCopyFilesBuildPhase;
			buildActionMask = 2147483647;
			dstPath = "";
			dstSubfolderSpec = 10;
			files = (
				2FA169A71D8D01EB009BF609 /* Cadet.framework in Embed Frameworks */,
				2FA169A41D8D01E5009BF609 /* Mate.framework in Embed Frameworks */,
			);
			name = "Embed Frameworks";
			runOnlyForDeploymentPostprocessing = 0;
		};
/* End PBXCopyFilesBuildPhase section */

/* Begin PBXFileReference section */
		2FA169821D8D0036009BF609 /* simulation_cadet.app */ = {isa = PBXFileReference; explicitFileType = wrapper.application; includeInIndex = 0; path = simulation_cadet.app; sourceTree = BUILT_PRODUCTS_DIR; };
		2FA169851D8D0036009BF609 /* AppDelegate.swift */ = {isa = PBXFileReference; lastKnownFileType = sourcecode.swift; path = AppDelegate.swift; sourceTree = "<group>"; };
		2FA169871D8D0036009BF609 /* ViewController.swift */ = {isa = PBXFileReference; lastKnownFileType = sourcecode.swift; path = ViewController.swift; sourceTree = "<group>"; };
		2FA1698A1D8D0036009BF609 /* Base */ = {isa = PBXFileReference; lastKnownFileType = file.storyboard; name = Base; path = Base.lproj/Main.storyboard; sourceTree = "<group>"; };
		2FA1698C1D8D0036009BF609 /* Assets.xcassets */ = {isa = PBXFileReference; lastKnownFileType = folder.assetcatalog; path = Assets.xcassets; sourceTree = "<group>"; };
		2FA1698F1D8D0036009BF609 /* Base */ = {isa = PBXFileReference; lastKnownFileType = file.storyboard; name = Base; path = Base.lproj/LaunchScreen.storyboard; sourceTree = "<group>"; };
		2FA169911D8D0036009BF609 /* Info.plist */ = {isa = PBXFileReference; lastKnownFileType = text.plist.xml; path = Info.plist; sourceTree = "<group>"; };
		2FA169A21D8D01E5009BF609 /* Mate.framework */ = {isa = PBXFileReference; explicitFileType = wrapper.framework; path = Mate.framework; sourceTree = BUILT_PRODUCTS_DIR; };
		2FA169A51D8D01EB009BF609 /* Cadet.framework */ = {isa = PBXFileReference; explicitFileType = wrapper.framework; path = Cadet.framework; sourceTree = BUILT_PRODUCTS_DIR; };
/* End PBXFileReference section */

/* Begin PBXFrameworksBuildPhase section */
		2FA1697F1D8D0036009BF609 /* Frameworks */ = {
			isa = PBXFrameworksBuildPhase;
			buildActionMask = 2147483647;
			files = (
				2FA169A61D8D01EB009BF609 /* Cadet.framework in Frameworks */,
				2FA169A31D8D01E5009BF609 /* Mate.framework in Frameworks */,
			);
			runOnlyForDeploymentPostprocessing = 0;
		};
/* End PBXFrameworksBuildPhase section */

/* Begin PBXGroup section */
		2FA169791D8D0036009BF609 = {
			isa = PBXGroup;
			children = (
				2FA169A51D8D01EB009BF609 /* Cadet.framework */,
				2FA169A21D8D01E5009BF609 /* Mate.framework */,
				2FA169841D8D0036009BF609 /* simulation_cadet */,
				2FA169831D8D0036009BF609 /* Products */,
			);
			sourceTree = "<group>";
		};
		2FA169831D8D0036009BF609 /* Products */ = {
			isa = PBXGroup;
			children = (
				2FA169821D8D0036009BF609 /* simulation_cadet.app */,
			);
			name = Products;
			sourceTree = "<group>";
		};
		2FA169841D8D0036009BF609 /* simulation_cadet */ = {
			isa = PBXGroup;
			children = (
				2FA169851D8D0036009BF609 /* AppDelegate.swift */,
				2FA169871D8D0036009BF609 /* ViewController.swift */,
				2FA169891D8D0036009BF609 /* Main.storyboard */,
				2FA1698C1D8D0036009BF609 /* Assets.xcassets */,
				2FA1698E1D8D0036009BF609 /* LaunchScreen.storyboard */,
				2FA169911D8D0036009BF609 /* Info.plist */,
			);
			path = simulation_cadet;
			sourceTree = "<group>";
		};
/* End PBXGroup section */

/* Begin PBXNativeTarget section */
		2FA169811D8D0036009BF609 /* simulation_cadet */ = {
			isa = PBXNativeTarget;
			buildConfigurationList = 2FA169941D8D0036009BF609 /* Build configuration list for PBXNativeTarget "simulation_cadet" */;
			buildPhases = (
				2FA1697E1D8D0036009BF609 /* Sources */,
				2FA1697F1D8D0036009BF609 /* Frameworks */,
				2FA169801D8D0036009BF609 /* Resources */,
				2FA1699E1D8D0198009BF609 /* Embed Frameworks */,
			);
			buildRules = (
			);
			dependencies = (
			);
			name = simulation_cadet;
			productName = simulation_cadet;
			productReference = 2FA169821D8D0036009BF609 /* simulation_cadet.app */;
			productType = "com.apple.product-type.application";
		};
/* End PBXNativeTarget section */

/* Begin PBXProject section */
		2FA1697A1D8D0036009BF609 /* Project object */ = {
			isa = PBXProject;
			attributes = {
				LastSwiftUpdateCheck = 0800;
				LastUpgradeCheck = 0800;
				ORGANIZATIONNAME = "Derrick  Ho";
				TargetAttributes = {
					2FA169811D8D0036009BF609 = {
						CreatedOnToolsVersion = 8.0;
						ProvisioningStyle = Manual;
					};
				};
			};
			buildConfigurationList = 2FA1697D1D8D0036009BF609 /* Build configuration list for PBXProject "simulation_cadet" */;
			compatibilityVersion = "Xcode 3.2";
			developmentRegion = English;
			hasScannedForEncodings = 0;
			knownRegions = (
				en,
				Base,
			);
			mainGroup = 2FA169791D8D0036009BF609;
			productRefGroup = 2FA169831D8D0036009BF609 /* Products */;
			projectDirPath = "";
			projectRoot = "";
			targets = (
				2FA169811D8D0036009BF609 /* simulation_cadet */,
			);
		};
/* End PBXProject section */

/* Begin PBXResourcesBuildPhase section */
		2FA169801D8D0036009BF609 /* Resources */ = {
			isa = PBXResourcesBuildPhase;
			buildActionMask = 2147483647;
			files = (
				2FA169901D8D0036009BF609 /* LaunchScreen.storyboard in Resources */,
				2FA1698D1D8D0036009BF609 /* Assets.xcassets in Resources */,
				2FA1698B1D8D0036009BF609 /* Main.storyboard in Resources */,
			);
			runOnlyForDeploymentPostprocessing = 0;
		};
/* End PBXResourcesBuildPhase section */

/* Begin PBXSourcesBuildPhase section */
		2FA1697E1D8D0036009BF609 /* Sources */ = {
			isa = PBXSourcesBuildPhase;
			buildActionMask = 2147483647;
			files = (
				2FA169881D8D0036009BF609 /* ViewController.swift in Sources */,
				2FA169861D8D0036009BF609 /* AppDelegate.swift in Sources */,
			);
			runOnlyForDeploymentPostprocessing = 0;
		};
/* End PBXSourcesBuildPhase section */

/* Begin PBXVariantGroup section */
		2FA169891D8D0036009BF609 /* Main.storyboard */ = {
			isa = PBXVariantGroup;
			children = (
				2FA1698A1D8D0036009BF609 /* Base */,
			);
			name = Main.storyboard;
			sourceTree = "<group>";
		};
		2FA1698E1D8D0036009BF609 /* LaunchScreen.storyboard */ = {
			isa = PBXVariantGroup;
			children = (
				2FA1698F1D8D0036009BF609 /* Base */,
			);
			name = LaunchScreen.storyboard;
			sourceTree = "<group>";
		};
/* End PBXVariantGroup section */

/* Begin XCBuildConfiguration section */
		2FA169921D8D0036009BF609 /* Debug */ = {
			isa = XCBuildConfiguration;
			buildSettings = {
				ALWAYS_SEARCH_USER_PATHS = NO;
				CLANG_ANALYZER_NONNULL = YES;
				CLANG_CXX_LANGUAGE_STANDARD = "gnu++0x";
				CLANG_CXX_LIBRARY = "libc++";
				CLANG_ENABLE_MODULES = YES;
				CLANG_ENABLE_OBJC_ARC = YES;
				CLANG_WARN_BOOL_CONVERSION = YES;
				CLANG_WARN_CONSTANT_CONVERSION = YES;
				CLANG_WARN_DIRECT_OBJC_ISA_USAGE = YES_ERROR;
				CLANG_WARN_DOCUMENTATION_COMMENTS = YES;
				CLANG_WARN_EMPTY_BODY = YES;
				CLANG_WARN_ENUM_CONVERSION = YES;
				CLANG_WARN_INFINITE_RECURSION = YES;
				CLANG_WARN_INT_CONVERSION = YES;
				CLANG_WARN_OBJC_ROOT_CLASS = YES_ERROR;
				CLANG_WARN_SUSPICIOUS_MOVES = YES;
				CLANG_WARN_UNREACHABLE_CODE = YES;
				CLANG_WARN__DUPLICATE_METHOD_MATCH = YES;
				"CODE_SIGN_IDENTITY[sdk=iphoneos*]" = "iPhone Developer";
				COPY_PHASE_STRIP = NO;
				DEBUG_INFORMATION_FORMAT = dwarf;
				ENABLE_STRICT_OBJC_MSGSEND = YES;
				ENABLE_TESTABILITY = YES;
				GCC_C_LANGUAGE_STANDARD = gnu99;
				GCC_DYNAMIC_NO_PIC = NO;
				GCC_NO_COMMON_BLOCKS = YES;
				GCC_OPTIMIZATION_LEVEL = 0;
				GCC_PREPROCESSOR_DEFINITIONS = (
					"DEBUG=1",
					"$(inherited)",
				);
				GCC_WARN_64_TO_32_BIT_CONVERSION = YES;
				GCC_WARN_ABOUT_RETURN_TYPE = YES_ERROR;
				GCC_WARN_UNDECLARED_SELECTOR = YES;
				GCC_WARN_UNINITIALIZED_AUTOS = YES_AGGRESSIVE;
				GCC_WARN_UNUSED_FUNCTION = YES;
				GCC_WARN_UNUSED_VARIABLE = YES;
				IPHONEOS_DEPLOYMENT_TARGET = 10.0;
				MTL_ENABLE_DEBUG_INFO = YES;
				ONLY_ACTIVE_ARCH = YES;
				SDKROOT = iphoneos;
				SWIFT_ACTIVE_COMPILATION_CONDITIONS = DEBUG;
				SWIFT_OPTIMIZATION_LEVEL = "-Onone";
			};
			name = Debug;
		};
		2FA169931D8D0036009BF609 /* Release */ = {
			isa = XCBuildConfiguration;
			buildSettings = {
				ALWAYS_SEARCH_USER_PATHS = NO;
				CLANG_ANALYZER_NONNULL = YES;
				CLANG_CXX_LANGUAGE_STANDARD = "gnu++0x";
				CLANG_CXX_LIBRARY = "libc++";
				CLANG_ENABLE_MODULES = YES;
				CLANG_ENABLE_OBJC_ARC = YES;
				CLANG_WARN_BOOL_CONVERSION = YES;
				CLANG_WARN_CONSTANT_CONVERSION = YES;
				CLANG_WARN_DIRECT_OBJC_ISA_USAGE = YES_ERROR;
				CLANG_WARN_DOCUMENTATION_COMMENTS = YES;
				CLANG_WARN_EMPTY_BODY = YES;
				CLANG_WARN_ENUM_CONVERSION = YES;
				CLANG_WARN_INFINITE_RECURSION = YES;
				CLANG_WARN_INT_CONVERSION = YES;
				CLANG_WARN_OBJC_ROOT_CLASS = YES_ERROR;
				CLANG_WARN_SUSPICIOUS_MOVES = YES;
				CLANG_WARN_UNREACHABLE_CODE = YES;
				CLANG_WARN__DUPLICATE_METHOD_MATCH = YES;
				"CODE_SIGN_IDENTITY[sdk=iphoneos*]" = "iPhone Developer";
				COPY_PHASE_STRIP = NO;
				DEBUG_INFORMATION_FORMAT = "dwarf-with-dsym";
				ENABLE_NS_ASSERTIONS = NO;
				ENABLE_STRICT_OBJC_MSGSEND = YES;
				GCC_C_LANGUAGE_STANDARD = gnu99;
				GCC_NO_COMMON_BLOCKS = YES;
				GCC_WARN_64_TO_32_BIT_CONVERSION = YES;
				GCC_WARN_ABOUT_RETURN_TYPE = YES_ERROR;
				GCC_WARN_UNDECLARED_SELECTOR = YES;
				GCC_WARN_UNINITIALIZED_AUTOS = YES_AGGRESSIVE;
				GCC_WARN_UNUSED_FUNCTION = YES;
				GCC_WARN_UNUSED_VARIABLE = YES;
				IPHONEOS_DEPLOYMENT_TARGET = 10.0;
				MTL_ENABLE_DEBUG_INFO = NO;
				SDKROOT = iphoneos;
				SWIFT_OPTIMIZATION_LEVEL = "-Owholemodule";
				VALIDATE_PRODUCT = YES;
			};
			name = Release;
		};
		2FA169951D8D0036009BF609 /* Debug */ = {
			isa = XCBuildConfiguration;
			buildSettings = {
				ASSETCATALOG_COMPILER_APPICON_NAME = AppIcon;
				DEVELOPMENT_TEAM = "";
				INFOPLIST_FILE = simulation_cadet/Info.plist;
				IPHONEOS_DEPLOYMENT_TARGET = 9.0;
				LD_RUNPATH_SEARCH_PATHS = "$(inherited) @executable_path/Frameworks";
				PRODUCT_BUNDLE_IDENTIFIER = "com.dnthome.simulation-cadet";
				PRODUCT_NAME = "$(TARGET_NAME)";
				SWIFT_VERSION = 3.0;
			};
			name = Debug;
		};
		2FA169961D8D0036009BF609 /* Release */ = {
			isa = XCBuildConfiguration;
			buildSettings = {
				ASSETCATALOG_COMPILER_APPICON_NAME = AppIcon;
				DEVELOPMENT_TEAM = "";
				INFOPLIST_FILE = simulation_cadet/Info.plist;
				IPHONEOS_DEPLOYMENT_TARGET = 9.0;
				LD_RUNPATH_SEARCH_PATHS = "$(inherited) @executable_path/Frameworks";
				PRODUCT_BUNDLE_IDENTIFIER = "com.dnthome.simulation-cadet";
				PRODUCT_NAME = "$(TARGET_NAME)";
				SWIFT_VERSION = 3.0;
			};
			name = Release;
		};
/* End XCBuildConfiguration section */

/* Begin XCConfigurationList section */
		2FA1697D1D8D0036009BF609 /* Build configuration list for PBXProject "simulation_cadet" */ = {
			isa = XCConfigurationList;
			buildConfigurations = (
				2FA169921D8D0036009BF609 /* Debug */,
				2FA169931D8D0036009BF609 /* Release */,
			);
			defaultConfigurationIsVisible = 0;
			defaultConfigurationName = Release;
		};
		2FA169941D8D0036009BF609 /* Build configuration list for PBXNativeTarget "simulation_cadet" */ = {
			isa = XCConfigurationList;
			buildConfigurations = (
				2FA169951D8D0036009BF609 /* Debug */,
				2FA169961D8D0036009BF609 /* Release */,
			);
			defaultConfigurationIsVisible = 0;
			defaultConfigurationName = Release;
		};
/* End XCConfigurationList section */
	};
	rootObject = 2FA1697A1D8D0036009BF609 /* Project object */;
}
